{
  "name": "pfw-h5-ts",
  "version": "1.0.32",
  "lockfileVersion": 1,
  "requires": true,
  "dependencies": {
    "@types/eslint-visitor-keys": {
      "version": "1.0.0",
      "resolved": "https://registry.npmjs.org/@types/eslint-visitor-keys/-/eslint-visitor-keys-1.0.0.tgz",
      "integrity": "sha512-OCutwjDZ4aFS6PB1UZ988C4YgwlBHJd6wCeQqaLdmadZ/7e+w79+hbMUFC1QXDNCmdyoRfAFdm0RypzwR+Qpag==",
      "dev": true
    },
    "@typescript-eslint/experimental-utils": {
      "version": "1.12.0",
      "resolved": "https://registry.npmjs.org/@typescript-eslint/experimental-utils/-/experimental-utils-1.12.0.tgz",
      "integrity": "sha512-s0soOTMJloytr9GbPteMLNiO2HvJ+qgQkRNplABXiVw6vq7uQRvidkby64Gqt/nA7pys74HksHwRULaB/QRVyw==",
      "dev": true,
      "requires": {
        "@typescript-eslint/typescript-estree": "1.12.0",
        "eslint-scope": "^4.0.0"
      }
    },
    "@typescript-eslint/parser": {
      "version": "1.12.0",
      "resolved": "https://registry.npmjs.org/@typescript-eslint/parser/-/parser-1.12.0.tgz",
      "integrity": "sha512-0uzbaa9ZLCA5yMWJywnJJ7YVENKGWVUhJDV5UrMoldC5HoI54W5kkdPhTfmtFKpPFp93MIwmJj0/61ztvmz5Dw==",
      "dev": true,
      "requires": {
        "@types/eslint-visitor-keys": "^1.0.0",
        "@typescript-eslint/experimental-utils": "1.12.0",
        "@typescript-eslint/typescript-estree": "1.12.0",
        "eslint-visitor-keys": "^1.0.0"
      }
    },
    "@typescript-eslint/typescript-estree": {
      "version": "1.12.0",
      "resolved": "https://registry.npmjs.org/@typescript-eslint/typescript-estree/-/typescript-estree-1.12.0.tgz",
      "integrity": "sha512-nwN6yy//XcVhFs0ZyU+teJHB8tbCm7AIA8mu6E2r5hu6MajwYBY3Uwop7+rPZWUN/IUOHpL8C+iUPMDVYUU3og==",
      "dev": true,
      "requires": {
        "lodash.unescape": "4.0.1",
        "semver": "5.5.0"
      }
    },
    "eslint-scope": {
      "version": "4.0.3",
      "resolved": "https://registry.npmjs.org/eslint-scope/-/eslint-scope-4.0.3.tgz",
      "integrity": "sha512-p7VutNr1O/QrxysMo3E45FjYDTeXBy0iTltPFNSqKAIfjDSXC+4dj+qfyuD8bfAXrW/y6lW3O76VaYNPKfpKrg==",
      "dev": true,
      "requires": {
        "esrecurse": "^4.1.0",
        "estraverse": "^4.1.1"
      }
    },
    "eslint-visitor-keys": {
      "version": "1.0.0",
      "resolved": "https://registry.npmjs.org/eslint-visitor-keys/-/eslint-visitor-keys-1.0.0.tgz",
      "integrity": "sha512-qzm/XxIbxm/FHyH341ZrbnMUpe+5Bocte9xkmFMzPMjRaZMcXww+MpBptFvtU+79L362nqiLhekCxCxDPaUMBQ==",
      "dev": true
    },
    "esrecurse": {
      "version": "4.2.1",
      "resolved": "https://registry.npmjs.org/esrecurse/-/esrecurse-4.2.1.tgz",
      "integrity": "sha512-64RBB++fIOAXPw3P9cy89qfMlvZEXZkqqJkjqqXIvzP5ezRZjW+lPWjw35UX/3EhUPFYbg5ER4JYgDw4007/DQ==",
      "dev": true,
      "requires": {
        "estraverse": "^4.1.0"
      }
    },
    "estraverse": {
      "version": "4.2.0",
      "resolved": "https://registry.npmjs.org/estraverse/-/estraverse-4.2.0.tgz",
      "integrity": "sha1-De4/7TH81GlhjOc0IJn8GvoL2xM=",
      "dev": true
    },
    "lodash.unescape": {
      "version": "4.0.1",
      "resolved": "https://registry.npmjs.org/lodash.unescape/-/lodash.unescape-4.0.1.tgz",
      "integrity": "sha1-vyJJiGzlFM2hEvrpIYzcBlIR/Jw=",
      "dev": true
    },
    "semver": {
      "version": "5.5.0",
      "resolved": "https://registry.npmjs.org/semver/-/semver-5.5.0.tgz",
      "integrity": "sha512-4SJ3dm0WAwWy/NVeioZh5AntkdJoWKxHxcmyP622fOkgHa4z3R0TdBJICINyaSDE6uNwVc8gZr+ZinwZAH4xIA==",
      "dev": true
    },
    "typescript": {
      "version": "3.5.3",
      "resolved": "https://registry.npmjs.org/typescript/-/typescript-3.5.3.tgz",
      "integrity": "sha512-ACzBtm/PhXBDId6a6sDJfroT2pOWt/oOnk4/dElG5G33ZL776N3Y6/6bKZJBFpd+b05F3Ct9qDjMeJmRWtE2/g==",
      "dev": true
    }
  }
}
